# Generated by pub
# See http://pub.dartlang.org/doc/glossary.html#lockfile
packages:
  analyzer_experimental:
    description: analyzer_experimental
    source: hosted
    version: "0.5.11+1"
  args:
    description: args
    source: hosted
    version: "0.5.11+1"
  browser:
    description: browser
    source: hosted
    version: "0.5.11+1"
  csslib:
    description: csslib
    source: hosted
    version: "0.4.7+3"
  dartlero:
    description:
      ref: null
      resolved-ref: "296d233f99093b7a34a2fb23ac2c8e7e2771df10"
      url: "git://github.com/dzenanr/dartlero.git"
    source: git
    version: "0.0.8"
  html5lib:
    description: html5lib
    source: hosted
    version: "0.4.3"
  logging:
    description: logging
    source: hosted
    version: "0.5.11+1"
  meta:
    description: meta
    source: hosted
    version: "0.5.11+1"
  pathos:
    description: pathos
    source: hosted
    version: "0.5.11+1"
  source_maps:
    description: source_maps
    source: hosted
    version: "0.5.11+1"
  unittest:
    description: unittest
    source: hosted
    version: "0.5.11+1"
  web_ui:
    description: web_ui
    source: hosted
    version: "0.4.8+4"
