# Generated by pub
# See http://pub.dartlang.org/doc/glossary.html#lockfile
packages:
  dartlero:
    description:
      ref: null
      resolved-ref: "296d233f99093b7a34a2fb23ac2c8e7e2771df10"
      url: "git://github.com/dzenanr/dartlero.git"
    source: git
    version: "0.0.8"
  meta:
    description: meta
    source: hosted
    version: "0.5.16"
  unittest:
    description: unittest
    source: hosted
    version: "0.5.16"
