        # Generated by pub. See: http://pub.dartlang.org/doc/glossary.html#lockfile
         {"packages":{"dartlero":{"version":"0.0.6","source":"git","description":{"url":"git://github.com/dzenanr/dartlero.git","ref":null,"resolved-ref":"02f533d9660f2409986856980d5cbcb91952fc04"}},"unittest":{"version":"0.4.0","source":"hosted","description":"unittest"},"meta":{"version":"0.4.0","source":"hosted","description":"meta"}}}
        